// !$*UTF8*$!
{
	archiveVersion = 1;
	classes = {
	};
	objectVersion = 63;
	objects = {

/* Begin PBXBuildFile section */
		00338C55BB61C4971A8AEB47 /* Assets.xcassets in Resources */ = {isa = PBXBuildFile; fileRef = DFF507F3486A1339A9DA24BB /* Assets.xcassets */; };
		019D03CD2523BE01A65242AA /* TaskList.swift in Sources */ = {isa = PBXBuildFile; fileRef = 381E516AB87DA19BA0484D3F /* TaskList.swift */; };
		029D534B65BCE6EB743CEDBE /* TaskweaveWidget.swift in Sources */ = {isa = PBXBuildFile; fileRef = F702C9B1F11E722B45F0A0ED /* TaskweaveWidget.swift */; };
		0881D500AEF70AFD908BF54D /* TimeProtectionService.swift in Sources */ = {isa = PBXBuildFile; fileRef = C396E5B650767505A8D61161 /* TimeProtectionService.swift */; };
		0A98C5ED20A8FD703EBF08F4 /* TaskTimelineProvider.swift in Sources */ = {isa = PBXBuildFile; fileRef = 5E279439FEA61CC60546CA22 /* TaskTimelineProvider.swift */; };
		0F20EA0E0E9F7DB4D734C422 /* LiveActivityManager.swift in Sources */ = {isa = PBXBuildFile; fileRef = 78B9EC487F517B2D7F64239C /* LiveActivityManager.swift */; };
		117C5FDF386F1B0D4AA32039 /* TaskweaveWatch.app in Embed Watch Content */ = {isa = PBXBuildFile; fileRef = 4E6AF34E7827B47CE9BDBF11 /* TaskweaveWatch.app */; settings = {ATTRIBUTES = (RemoveHeadersOnCopy, ); }; };
		119EEDF8B8C7440BD56D362E /* WidgetDataStore.swift in Sources */ = {isa = PBXBuildFile; fileRef = 6806D93F0AEDB5FEE2405CB9 /* WidgetDataStore.swift */; };
		1BBCC1B9D764FF6CBE60D48D /* TaskweaveUITestsLaunchTests.swift in Sources */ = {isa = PBXBuildFile; fileRef = BCBFAE60C3A53CF558A55CEC /* TaskweaveUITestsLaunchTests.swift */; };
		21EFAAAAEB1FD4F60511631F /* AddTaskView.swift in Sources */ = {isa = PBXBuildFile; fileRef = 4EAE0A926B43FBBB6875469A /* AddTaskView.swift */; };
		246B9334F27B9E9A32587A71 /* NotificationService.swift in Sources */ = {isa = PBXBuildFile; fileRef = E57041C3F33C34964EDD2FE1 /* NotificationService.swift */; };
		2682113A63F76876D7828258 /* LargeWidgetView.swift in Sources */ = {isa = PBXBuildFile; fileRef = 1891A84D9E045428A4273FFC /* LargeWidgetView.swift */; };
		27573AED11FD63A1323D5884 /* Assets.xcassets in Resources */ = {isa = PBXBuildFile; fileRef = D8241DFE67166DF38EEE1BC4 /* Assets.xcassets */; };
		28B504DD93A864BB789BAAA3 /* CreateTaskIntent.swift in Sources */ = {isa = PBXBuildFile; fileRef = B5E0F0B81ECE154DEF86494D /* CreateTaskIntent.swift */; };
		28B7A99F8B7F2A3384CA4541 /* AppleFoundationModelsProvider.swift in Sources */ = {isa = PBXBuildFile; fileRef = DD56E76DEDCDF57C1437F472 /* AppleFoundationModelsProvider.swift */; };
		2A86B5E5BF0309F2B05D774A /* DynamicIslandView.swift in Sources */ = {isa = PBXBuildFile; fileRef = 4D94F979184A916BF8FABE8A /* DynamicIslandView.swift */; };
		3A566E9A58F6684FF5F5A4CD /* TaskweaveWidget.appex in Embed Foundation Extensions */ = {isa = PBXBuildFile; fileRef = 3CC4AFEA4B078F9195E4A942 /* TaskweaveWidget.appex */; settings = {ATTRIBUTES = (RemoveHeadersOnCopy, ); }; };
		3D64614D1E42590A54B73891 /* AppIcon.svg in Resources */ = {isa = PBXBuildFile; fileRef = DF04E75EB5CAD7D4362A5FB9 /* AppIcon.svg */; };
		LAUNCH5CR33N1234567890AB /* LaunchScreen.storyboard in Resources */ = {isa = PBXBuildFile; fileRef = LAUNCH5CR33N0987654321FE /* LaunchScreen.storyboard */; };
		3DF99F1AC6FE4F711C089836 /* TaskListServiceTests.swift in Sources */ = {isa = PBXBuildFile; fileRef = B3AA59B2029FBDBD23861D6D /* TaskListServiceTests.swift */; };
		3E16005FD0ED5DFA801F33EF /* OpenAIProvider.swift in Sources */ = {isa = PBXBuildFile; fileRef = 9FD09137F6ECDAB062D295B3 /* OpenAIProvider.swift */; };
		3F3057702097070DC3C3641B /* AnthropicProvider.swift in Sources */ = {isa = PBXBuildFile; fileRef = 111D5DE575F93D52FB5B4D3C /* AnthropicProvider.swift */; };
		3F9A68F2E2CD8FC30072E82C /* WatchDataStore.swift in Sources */ = {isa = PBXBuildFile; fileRef = 5CEE475B57C13A2AF50B0DA5 /* WatchDataStore.swift */; };
		3FF858A6CD3E64327CB13258 /* TaskPriorityAppEnum.swift in Sources */ = {isa = PBXBuildFile; fileRef = 38234ECA51C9248362A9DBD5 /* TaskPriorityAppEnum.swift */; };
		407E19F80003AD5F28E97D2B /* ConflictDetectionService.swift in Sources */ = {isa = PBXBuildFile; fileRef = BD82E69401005EE869071460 /* ConflictDetectionService.swift */; };
		42235169663AA16F0156870B /* AIService.swift in Sources */ = {isa = PBXBuildFile; fileRef = 2844BB6F06D15D6E70D51359 /* AIService.swift */; };
		48FCF0DCDF3F742B84201E1E /* WatchTodayView.swift in Sources */ = {isa = PBXBuildFile; fileRef = A8B7C5BA58D231380881E19D /* WatchTodayView.swift */; };
		4CBD5ADFCC5B3A436573E4D9 /* TaskService.swift in Sources */ = {isa = PBXBuildFile; fileRef = 400F34E5FBFB8BBDE31376B0 /* TaskService.swift */; };
		54D04679A2F17B277372F08E /* WatchTaskRowView.swift in Sources */ = {isa = PBXBuildFile; fileRef = 610716F5747ACA467708EC22 /* WatchTaskRowView.swift */; };
		58362EACCABA04812FB8EB63 /* TaskActivityAttributes.swift in Sources */ = {isa = PBXBuildFile; fileRef = 70E279567CED3C73A4B54F0B /* TaskActivityAttributes.swift */; };
		585BC74D150604F60D30FF35 /* CalendarService.swift in Sources */ = {isa = PBXBuildFile; fileRef = E1F8C0BED069AC92C4166B74 /* CalendarService.swift */; };
		59646BF4150BB65AC9E5B70D /* GetTodayTasksIntent.swift in Sources */ = {isa = PBXBuildFile; fileRef = 05C35AAFBAEA1A619E86C172 /* GetTodayTasksIntent.swift */; };
		5BFABA8679D40781B6B204C7 /* WatchConnectivityService.swift in Sources */ = {isa = PBXBuildFile; fileRef = 0AA4A6D3B132AEE9CACDBC75 /* WatchConnectivityService.swift */; };
		5EC31BFBD66BCBA4B980D56A /* TaskweaveShortcuts.swift in Sources */ = {isa = PBXBuildFile; fileRef = C8563640FCC21D28E23B733F /* TaskweaveShortcuts.swift */; };
		5EFF8A7D247034BE27AA6569 /* WidgetTask.swift in Sources */ = {isa = PBXBuildFile; fileRef = 41774C0704E88E7D1C4F9CCE /* WidgetTask.swift */; };
		608DB00EAEAA45A51D1A9899 /* CompleteTaskIntent.swift in Sources */ = {isa = PBXBuildFile; fileRef = 886E26B6682BA316F156F760 /* CompleteTaskIntent.swift */; };
		6718A8DF9783D2257A96B7D5 /* Date+Extensions.swift in Sources */ = {isa = PBXBuildFile; fileRef = A9917772AD38E94637F2B604 /* Date+Extensions.swift */; };
		69569009EE8E7AC5E4C2A193 /* TaskweaveComplication.swift in Sources */ = {isa = PBXBuildFile; fileRef = E136EA19D9055E4C6B6DFE8B /* TaskweaveComplication.swift */; };
		6BF2E8B20A24A0ACDC1F214A /* TaskweaveWatchApp.swift in Sources */ = {isa = PBXBuildFile; fileRef = 9DFD87ADA0D0F60ED6D4C782 /* TaskweaveWatchApp.swift */; };
		6E9BC371190ADB462BBCBB0F /* ListsView.swift in Sources */ = {isa = PBXBuildFile; fileRef = A02B96740C9B26528CA1981D /* ListsView.swift */; };
		70789D64D63F19AB3B55BB1F /* CalendarViewModel.swift in Sources */ = {isa = PBXBuildFile; fileRef = 536294DECB2738D812829539 /* CalendarViewModel.swift */; };
		729F4ACD5D5A737DFB214550 /* PersistenceController.swift in Sources */ = {isa = PBXBuildFile; fileRef = B87A52885851C4A33E610EA1 /* PersistenceController.swift */; };
		74CC47E52DF46C7576DC80B3 /* ListsViewModel.swift in Sources */ = {isa = PBXBuildFile; fileRef = F970C9D8C8571D12DA3516C4 /* ListsViewModel.swift */; };
		7AE59CEF86F36CB230CDCA88 /* TaskweaveTests.swift in Sources */ = {isa = PBXBuildFile; fileRef = 41978EF1A1262F6D707F04E1 /* TaskweaveTests.swift */; };
		85F5AEDB30CBD2E06B5DB537 /* DesignSystem.swift in Sources */ = {isa = PBXBuildFile; fileRef = BB4ACAE60F81D28181F945A8 /* DesignSystem.swift */; };
		86AD337729F87F20004A67C4 /* ReminderService.swift in Sources */ = {isa = PBXBuildFile; fileRef = 6C06BF120F9E07E2664F8601 /* ReminderService.swift */; };
		90162FC99A5EE8D714AEDC87 /* ListDetailView.swift in Sources */ = {isa = PBXBuildFile; fileRef = E792CF309818E6413FAEA8E0 /* ListDetailView.swift */; };
		90B000C09F33E69501C3D17F /* Taskweave.xcdatamodeld in Sources */ = {isa = PBXBuildFile; fileRef = F31E329F04A8440D6C68CF78 /* Taskweave.xcdatamodeld */; };
		937CDAE894FFA4A20F8F7780 /* PrioritizationService.swift in Sources */ = {isa = PBXBuildFile; fileRef = 1E2053FF8894184A648A6D90 /* PrioritizationService.swift */; };
		961B6C465F7CEFD244839D6B /* UpcomingView.swift in Sources */ = {isa = PBXBuildFile; fileRef = 5D2FFC8FCB06E0987C30E3ED /* UpcomingView.swift */; };
		9A953BBFFC8C3B0E197D6CCB /* TaskRowView.swift in Sources */ = {isa = PBXBuildFile; fileRef = A380CC7D24FE9C1F03B7C6FA /* TaskRowView.swift */; };
		9B1234567890ABCD12345678 /* UndoToast.swift in Sources */ = {isa = PBXBuildFile; fileRef = AB1234567890ABCD12345678 /* UndoToast.swift */; };
		A0DAD7AB3B743B735BFAFC6E /* TaskDetailView.swift in Sources */ = {isa = PBXBuildFile; fileRef = DB9710240F152BBE69A5E1FE /* TaskDetailView.swift */; };
		A23FB4F5D12F9E6DCC68CFC8 /* MediumWidgetView.swift in Sources */ = {isa = PBXBuildFile; fileRef = 933C68B59BB9C0401A37ECE7 /* MediumWidgetView.swift */; };
		A3DE02FF30C210C5D5A48600 /* Assets.xcassets in Resources */ = {isa = PBXBuildFile; fileRef = A01A53E9689120342C775640 /* Assets.xcassets */; };
		A8922E76024AE4E6C1DFB671 /* TaskClassifier.swift in Sources */ = {isa = PBXBuildFile; fileRef = AF365E6846D69EBC09AB0B3F /* TaskClassifier.swift */; };
		AADA8F99E15F1E61DC10F279 /* CalendarView.swift in Sources */ = {isa = PBXBuildFile; fileRef = A4F20B71BD6D87148748D0BC /* CalendarView.swift */; };
		AC5F99407535185AD22C3B7C /* TodayViewModel.swift in Sources */ = {isa = PBXBuildFile; fileRef = A73BB12C6608E7ECEC1F7551 /* TodayViewModel.swift */; };
		AE03227D174B4860A1F5F951 /* SmallWidgetView.swift in Sources */ = {isa = PBXBuildFile; fileRef = 176E8E3715D3A8EF9AB6A53B /* SmallWidgetView.swift */; };
		B0622065E0A88C2A3900AF2A /* LockScreenLiveActivityView.swift in Sources */ = {isa = PBXBuildFile; fileRef = 8D220B8C2FCF2116BF371FDE /* LockScreenLiveActivityView.swift */; };
		B156635B9A3D9E182D6EED4E /* TaskCategory.swift in Sources */ = {isa = PBXBuildFile; fileRef = 49304028FE0BC4615E8D621E /* TaskCategory.swift */; };
		B3CCBCED410AAD8B500A2244 /* WatchViewModel.swift in Sources */ = {isa = PBXBuildFile; fileRef = BB9558BD59192D561FDC69D5 /* WatchViewModel.swift */; };
		B5B8B7C14A28EE7278B3B892 /* Task.swift in Sources */ = {isa = PBXBuildFile; fileRef = AC25844FC4F401F437F5D1AB /* Task.swift */; };
		BBC9737B8A8CBA29687AD32B /* WidgetDataStore.swift in Sources */ = {isa = PBXBuildFile; fileRef = E0616AE7F15555286287CBBC /* WidgetDataStore.swift */; };
		BDE54D573C1126CE73B38C94 /* SettingsView.swift in Sources */ = {isa = PBXBuildFile; fileRef = 45B38F1755E8984C7F33C03E /* SettingsView.swift */; };
		C5DB3C6BC940A2CCDCCBFA1E /* TaskViewModel.swift in Sources */ = {isa = PBXBuildFile; fileRef = 4607DBE0549C49D4E5530FBB /* TaskViewModel.swift */; };
		C695E251436C3F28E0AA320B /* Priority.swift in Sources */ = {isa = PBXBuildFile; fileRef = 58C2746788E2B53379FE262D /* Priority.swift */; };
		C6E58B05FEAB135E688655F1 /* TaskweaveWidgetBundle.swift in Sources */ = {isa = PBXBuildFile; fileRef = E0DBD26B0BA3382145D1B39C /* TaskweaveWidgetBundle.swift */; };
		C75E0FB81A58863307B71812 /* SmartRescheduleService.swift in Sources */ = {isa = PBXBuildFile; fileRef = 60D37A9F9B8D0979DB9480F9 /* SmartRescheduleService.swift */; };
		C86B43D6611AFBA65FCE80AC /* RecurringRuleEntity+Extensions.swift in Sources */ = {isa = PBXBuildFile; fileRef = 99C84C134D070FB1E0ADD562 /* RecurringRuleEntity+Extensions.swift */; };
		CAA3ABC5174A98A4517B1F62 /* WatchTask.swift in Sources */ = {isa = PBXBuildFile; fileRef = B404768CE7360111E3A8DAD1 /* WatchTask.swift */; };
		CB6E3F9A0747A0105C4496EA /* TaskServiceTests.swift in Sources */ = {isa = PBXBuildFile; fileRef = 7F8B5963BD1E4BB921F05038 /* TaskServiceTests.swift */; };
		CBE698BC3A37BDDD0DD3088F /* LLMProvider.swift in Sources */ = {isa = PBXBuildFile; fileRef = 2DD1B572885D246BDE74CA85 /* LLMProvider.swift */; };
		CECD3189CFB41FFDFC852E57 /* Color+Extensions.swift in Sources */ = {isa = PBXBuildFile; fileRef = E078854739C26414361644F0 /* Color+Extensions.swift */; };
		D491D3C3D036227D068B24C3 /* WatchConnectivityService.swift in Sources */ = {isa = PBXBuildFile; fileRef = F59512F03BDF02557FDC8BF2 /* WatchConnectivityService.swift */; };
		E13A627EF6E890B6FDA41F58 /* TaskActivityAttributes.swift in Sources */ = {isa = PBXBuildFile; fileRef = 70E279567CED3C73A4B54F0B /* TaskActivityAttributes.swift */; };
		E1F3EAC555CB5626E3366C35 /* TaskListService.swift in Sources */ = {isa = PBXBuildFile; fileRef = 80CCE91DDC20267FF7BA5518 /* TaskListService.swift */; };
		E21AFC543E8639B972D9357A /* RecurringRule.swift in Sources */ = {isa = PBXBuildFile; fileRef = 04B726BC641EFB8CC98BF496 /* RecurringRule.swift */; };
		E2E3E1317677E8D720B131D3 /* TaskweaveLiveActivity.swift in Sources */ = {isa = PBXBuildFile; fileRef = 1C1E31277C219E97753A26DC /* TaskweaveLiveActivity.swift */; };
		E41A0902DB60DBB0FEE7FEA8 /* TaskweaveUITests.swift in Sources */ = {isa = PBXBuildFile; fileRef = D9103079C5C24AA31146B234 /* TaskweaveUITests.swift */; };
		E5002613A65D87C3C8844A27 /* TaskweaveApp.swift in Sources */ = {isa = PBXBuildFile; fileRef = 8D81E1C53F0C40995D472B53 /* TaskweaveApp.swift */; };
		E705219AF6F82E51212A912F /* TodayView.swift in Sources */ = {isa = PBXBuildFile; fileRef = EC899FB65BE98D4AFC6F7EA9 /* TodayView.swift */; };
		E947E2449FBAA548F1DF7DAD /* WatchEmptyStateView.swift in Sources */ = {isa = PBXBuildFile; fileRef = FBCA0FA9E06FCD309828CC12 /* WatchEmptyStateView.swift */; };
		EB7247BEA6FC2776BCF1BB7B /* LLMService.swift in Sources */ = {isa = PBXBuildFile; fileRef = 8E5B200089E3712236DBA790 /* LLMService.swift */; };
		F5C4EF964B179EB50E6B6F80 /* TaskCategoryClassifier.mlmodel in Sources */ = {isa = PBXBuildFile; fileRef = C237114E70156B207647FB7A /* TaskCategoryClassifier.mlmodel */; };
		F6B66482323556DC1843EEE0 /* SearchView.swift in Sources */ = {isa = PBXBuildFile; fileRef = 3295E36A41D180A3D0E9DA4B /* SearchView.swift */; };
		F96E3F362C44485C5C35A2C8 /* ContentView.swift in Sources */ = {isa = PBXBuildFile; fileRef = 751D60DB44ED6F070A0B42EA /* ContentView.swift */; };
		FC9544F1BAA698EA4127635A /* Notification+Extensions.swift in Sources */ = {isa = PBXBuildFile; fileRef = 4ECD280716254E849E7546A7 /* Notification+Extensions.swift */; };
		FD1234567890ABCD12345679 /* RootView.swift in Sources */ = {isa = PBXBuildFile; fileRef = FE1234567890ABCD12345679 /* RootView.swift */; };
/* End PBXBuildFile section */

/* Begin PBXContainerItemProxy section */
		10523025281F5575F4326217 /* PBXContainerItemProxy */ = {
			isa = PBXContainerItemProxy;
			containerPortal = 2DBBC0DFDE6181C0C2558714 /* Project object */;
			proxyType = 1;
			remoteGlobalIDString = B8C47195269FCBBA629C5F7F;
			remoteInfo = TaskweaveWidget;
		};
		B6D6C0EEA0D8BA4BBB9E28A1 /* PBXContainerItemProxy */ = {
			isa = PBXContainerItemProxy;
			containerPortal = 2DBBC0DFDE6181C0C2558714 /* Project object */;
			proxyType = 1;
			remoteGlobalIDString = EC4DB9080FE0B3F45B1EDDF5;
			remoteInfo = TaskweaveWatch;
		};
		CE7C3C6375E955CD0381F46F /* PBXContainerItemProxy */ = {
			isa = PBXContainerItemProxy;
			containerPortal = 2DBBC0DFDE6181C0C2558714 /* Project object */;
			proxyType = 1;
			remoteGlobalIDString = 9F16E7CB0758FA2A1D79E8CF;
			remoteInfo = Taskweave;
		};
		F8279888F61EA709C9D81E25 /* PBXContainerItemProxy */ = {
			isa = PBXContainerItemProxy;
			containerPortal = 2DBBC0DFDE6181C0C2558714 /* Project object */;
			proxyType = 1;
			remoteGlobalIDString = 9F16E7CB0758FA2A1D79E8CF;
			remoteInfo = Taskweave;
		};
/* End PBXContainerItemProxy section */

/* Begin PBXCopyFilesBuildPhase section */
		86373761B21DA6E93E96E6A0 /* Embed Watch Content */ = {
			isa = PBXCopyFilesBuildPhase;
			buildActionMask = 2147483647;
			dstPath = "$(CONTENTS_FOLDER_PATH)/Watch";
			dstSubfolderSpec = 16;
			files = (
				117C5FDF386F1B0D4AA32039 /* TaskweaveWatch.app in Embed Watch Content */,
			);
			name = "Embed Watch Content";
			runOnlyForDeploymentPostprocessing = 0;
		};
		B21D197165938CB9904C4E11 /* Embed Foundation Extensions */ = {
			isa = PBXCopyFilesBuildPhase;
			buildActionMask = 2147483647;
			dstPath = "";
			dstSubfolderSpec = 13;
			files = (
				3A566E9A58F6684FF5F5A4CD /* TaskweaveWidget.appex in Embed Foundation Extensions */,
			);
			name = "Embed Foundation Extensions";
			runOnlyForDeploymentPostprocessing = 0;
		};
/* End PBXCopyFilesBuildPhase section */

/* Begin PBXFileReference section */
		04B726BC641EFB8CC98BF496 /* RecurringRule.swift */ = {isa = PBXFileReference; lastKnownFileType = sourcecode.swift; path = RecurringRule.swift; sourceTree = "<group>"; };
		05C35AAFBAEA1A619E86C172 /* GetTodayTasksIntent.swift */ = {isa = PBXFileReference; lastKnownFileType = sourcecode.swift; path = GetTodayTasksIntent.swift; sourceTree = "<group>"; };
		0AA4A6D3B132AEE9CACDBC75 /* WatchConnectivityService.swift */ = {isa = PBXFileReference; lastKnownFileType = sourcecode.swift; path = WatchConnectivityService.swift; sourceTree = "<group>"; };
		0FA9DF30121BA6F4F887F77D /* TaskweaveWidget.entitlements */ = {isa = PBXFileReference; lastKnownFileType = text.plist.entitlements; path = TaskweaveWidget.entitlements; sourceTree = "<group>"; };
		111D5DE575F93D52FB5B4D3C /* AnthropicProvider.swift */ = {isa = PBXFileReference; lastKnownFileType = sourcecode.swift; path = AnthropicProvider.swift; sourceTree = "<group>"; };
		13798885291D0B6561367D6E /* Taskweave.xcdatamodel */ = {isa = PBXFileReference; lastKnownFileType = wrapper.xcdatamodel; path = Taskweave.xcdatamodel; sourceTree = "<group>"; };
		176E8E3715D3A8EF9AB6A53B /* SmallWidgetView.swift */ = {isa = PBXFileReference; lastKnownFileType = sourcecode.swift; path = SmallWidgetView.swift; sourceTree = "<group>"; };
		1891A84D9E045428A4273FFC /* LargeWidgetView.swift */ = {isa = PBXFileReference; lastKnownFileType = sourcecode.swift; path = LargeWidgetView.swift; sourceTree = "<group>"; };
		1C1E31277C219E97753A26DC /* TaskweaveLiveActivity.swift */ = {isa = PBXFileReference; lastKnownFileType = sourcecode.swift; path = TaskweaveLiveActivity.swift; sourceTree = "<group>"; };
		1E2053FF8894184A648A6D90 /* PrioritizationService.swift */ = {isa = PBXFileReference; lastKnownFileType = sourcecode.swift; path = PrioritizationService.swift; sourceTree = "<group>"; };
		23400D37C607510F9DAEEDC4 /* TaskweaveTests.xctest */ = {isa = PBXFileReference; explicitFileType = wrapper.cfbundle; includeInIndex = 0; path = TaskweaveTests.xctest; sourceTree = BUILT_PRODUCTS_DIR; };
		2844BB6F06D15D6E70D51359 /* AIService.swift */ = {isa = PBXFileReference; lastKnownFileType = sourcecode.swift; path = AIService.swift; sourceTree = "<group>"; };
		2DD1B572885D246BDE74CA85 /* LLMProvider.swift */ = {isa = PBXFileReference; lastKnownFileType = sourcecode.swift; path = LLMProvider.swift; sourceTree = "<group>"; };
		3295E36A41D180A3D0E9DA4B /* SearchView.swift */ = {isa = PBXFileReference; lastKnownFileType = sourcecode.swift; path = SearchView.swift; sourceTree = "<group>"; };
		34CA3B90258620A30A65137C /* Info.plist */ = {isa = PBXFileReference; lastKnownFileType = text.plist; path = Info.plist; sourceTree = "<group>"; };
		LAUNCH5CR33N0987654321FE /* LaunchScreen.storyboard */ = {isa = PBXFileReference; lastKnownFileType = file.storyboard; path = LaunchScreen.storyboard; sourceTree = "<group>"; };
		381E516AB87DA19BA0484D3F /* TaskList.swift */ = {isa = PBXFileReference; lastKnownFileType = sourcecode.swift; path = TaskList.swift; sourceTree = "<group>"; };
		38234ECA51C9248362A9DBD5 /* TaskPriorityAppEnum.swift */ = {isa = PBXFileReference; lastKnownFileType = sourcecode.swift; path = TaskPriorityAppEnum.swift; sourceTree = "<group>"; };
		3CC4AFEA4B078F9195E4A942 /* TaskweaveWidget.appex */ = {isa = PBXFileReference; explicitFileType = "wrapper.app-extension"; includeInIndex = 0; path = TaskweaveWidget.appex; sourceTree = BUILT_PRODUCTS_DIR; };
		3DDF687B5FBB23484677AA82 /* TaskweaveUITests.xctest */ = {isa = PBXFileReference; explicitFileType = wrapper.cfbundle; includeInIndex = 0; path = TaskweaveUITests.xctest; sourceTree = BUILT_PRODUCTS_DIR; };
		400F34E5FBFB8BBDE31376B0 /* TaskService.swift */ = {isa = PBXFileReference; lastKnownFileType = sourcecode.swift; path = TaskService.swift; sourceTree = "<group>"; };
		41774C0704E88E7D1C4F9CCE /* WidgetTask.swift */ = {isa = PBXFileReference; lastKnownFileType = sourcecode.swift; path = WidgetTask.swift; sourceTree = "<group>"; };
		41978EF1A1262F6D707F04E1 /* TaskweaveTests.swift */ = {isa = PBXFileReference; lastKnownFileType = sourcecode.swift; path = TaskweaveTests.swift; sourceTree = "<group>"; };
		45B38F1755E8984C7F33C03E /* SettingsView.swift */ = {isa = PBXFileReference; lastKnownFileType = sourcecode.swift; path = SettingsView.swift; sourceTree = "<group>"; };
		4607DBE0549C49D4E5530FBB /* TaskViewModel.swift */ = {isa = PBXFileReference; lastKnownFileType = sourcecode.swift; path = TaskViewModel.swift; sourceTree = "<group>"; };
		49304028FE0BC4615E8D621E /* TaskCategory.swift */ = {isa = PBXFileReference; lastKnownFileType = sourcecode.swift; path = TaskCategory.swift; sourceTree = "<group>"; };
		4D94F979184A916BF8FABE8A /* DynamicIslandView.swift */ = {isa = PBXFileReference; lastKnownFileType = sourcecode.swift; path = DynamicIslandView.swift; sourceTree = "<group>"; };
		4E6AF34E7827B47CE9BDBF11 /* TaskweaveWatch.app */ = {isa = PBXFileReference; explicitFileType = wrapper.application; includeInIndex = 0; path = TaskweaveWatch.app; sourceTree = BUILT_PRODUCTS_DIR; };
		4EAE0A926B43FBBB6875469A /* AddTaskView.swift */ = {isa = PBXFileReference; lastKnownFileType = sourcecode.swift; path = AddTaskView.swift; sourceTree = "<group>"; };
		4ECD280716254E849E7546A7 /* Notification+Extensions.swift */ = {isa = PBXFileReference; lastKnownFileType = sourcecode.swift; path = "Notification+Extensions.swift"; sourceTree = "<group>"; };
		529BF321423098D7DEFC2084 /* Taskweave.app */ = {isa = PBXFileReference; explicitFileType = wrapper.application; includeInIndex = 0; path = Taskweave.app; sourceTree = BUILT_PRODUCTS_DIR; };
		536294DECB2738D812829539 /* CalendarViewModel.swift */ = {isa = PBXFileReference; lastKnownFileType = sourcecode.swift; path = CalendarViewModel.swift; sourceTree = "<group>"; };
		58C2746788E2B53379FE262D /* Priority.swift */ = {isa = PBXFileReference; lastKnownFileType = sourcecode.swift; path = Priority.swift; sourceTree = "<group>"; };
		5CEE475B57C13A2AF50B0DA5 /* WatchDataStore.swift */ = {isa = PBXFileReference; lastKnownFileType = sourcecode.swift; path = WatchDataStore.swift; sourceTree = "<group>"; };
		5D2FFC8FCB06E0987C30E3ED /* UpcomingView.swift */ = {isa = PBXFileReference; lastKnownFileType = sourcecode.swift; path = UpcomingView.swift; sourceTree = "<group>"; };
		5E279439FEA61CC60546CA22 /* TaskTimelineProvider.swift */ = {isa = PBXFileReference; lastKnownFileType = sourcecode.swift; path = TaskTimelineProvider.swift; sourceTree = "<group>"; };
		60D37A9F9B8D0979DB9480F9 /* SmartRescheduleService.swift */ = {isa = PBXFileReference; lastKnownFileType = sourcecode.swift; path = SmartRescheduleService.swift; sourceTree = "<group>"; };
		610716F5747ACA467708EC22 /* WatchTaskRowView.swift */ = {isa = PBXFileReference; lastKnownFileType = sourcecode.swift; path = WatchTaskRowView.swift; sourceTree = "<group>"; };
		6806D93F0AEDB5FEE2405CB9 /* WidgetDataStore.swift */ = {isa = PBXFileReference; lastKnownFileType = sourcecode.swift; path = WidgetDataStore.swift; sourceTree = "<group>"; };
		6C06BF120F9E07E2664F8601 /* ReminderService.swift */ = {isa = PBXFileReference; lastKnownFileType = sourcecode.swift; path = ReminderService.swift; sourceTree = "<group>"; };
		70E279567CED3C73A4B54F0B /* TaskActivityAttributes.swift */ = {isa = PBXFileReference; lastKnownFileType = sourcecode.swift; path = TaskActivityAttributes.swift; sourceTree = "<group>"; };
		751D60DB44ED6F070A0B42EA /* ContentView.swift */ = {isa = PBXFileReference; lastKnownFileType = sourcecode.swift; path = ContentView.swift; sourceTree = "<group>"; };
		78B9EC487F517B2D7F64239C /* LiveActivityManager.swift */ = {isa = PBXFileReference; lastKnownFileType = sourcecode.swift; path = LiveActivityManager.swift; sourceTree = "<group>"; };
		7F8B5963BD1E4BB921F05038 /* TaskServiceTests.swift */ = {isa = PBXFileReference; lastKnownFileType = sourcecode.swift; path = TaskServiceTests.swift; sourceTree = "<group>"; };
		80CCE91DDC20267FF7BA5518 /* TaskListService.swift */ = {isa = PBXFileReference; lastKnownFileType = sourcecode.swift; path = TaskListService.swift; sourceTree = "<group>"; };
		886E26B6682BA316F156F760 /* CompleteTaskIntent.swift */ = {isa = PBXFileReference; lastKnownFileType = sourcecode.swift; path = CompleteTaskIntent.swift; sourceTree = "<group>"; };
		8D220B8C2FCF2116BF371FDE /* LockScreenLiveActivityView.swift */ = {isa = PBXFileReference; lastKnownFileType = sourcecode.swift; path = LockScreenLiveActivityView.swift; sourceTree = "<group>"; };
		8D81E1C53F0C40995D472B53 /* TaskweaveApp.swift */ = {isa = PBXFileReference; lastKnownFileType = sourcecode.swift; path = TaskweaveApp.swift; sourceTree = "<group>"; };
		8E5B200089E3712236DBA790 /* LLMService.swift */ = {isa = PBXFileReference; lastKnownFileType = sourcecode.swift; path = LLMService.swift; sourceTree = "<group>"; };
		933C68B59BB9C0401A37ECE7 /* MediumWidgetView.swift */ = {isa = PBXFileReference; lastKnownFileType = sourcecode.swift; path = MediumWidgetView.swift; sourceTree = "<group>"; };
		99C84C134D070FB1E0ADD562 /* RecurringRuleEntity+Extensions.swift */ = {isa = PBXFileReference; lastKnownFileType = sourcecode.swift; path = "RecurringRuleEntity+Extensions.swift"; sourceTree = "<group>"; };
		9DFD87ADA0D0F60ED6D4C782 /* TaskweaveWatchApp.swift */ = {isa = PBXFileReference; lastKnownFileType = sourcecode.swift; path = TaskweaveWatchApp.swift; sourceTree = "<group>"; };
		9FD09137F6ECDAB062D295B3 /* OpenAIProvider.swift */ = {isa = PBXFileReference; lastKnownFileType = sourcecode.swift; path = OpenAIProvider.swift; sourceTree = "<group>"; };
		A01A53E9689120342C775640 /* Assets.xcassets */ = {isa = PBXFileReference; lastKnownFileType = folder.assetcatalog; path = Assets.xcassets; sourceTree = "<group>"; };
		A02B96740C9B26528CA1981D /* ListsView.swift */ = {isa = PBXFileReference; lastKnownFileType = sourcecode.swift; path = ListsView.swift; sourceTree = "<group>"; };
		A380CC7D24FE9C1F03B7C6FA /* TaskRowView.swift */ = {isa = PBXFileReference; lastKnownFileType = sourcecode.swift; path = TaskRowView.swift; sourceTree = "<group>"; };
		A4F20B71BD6D87148748D0BC /* CalendarView.swift */ = {isa = PBXFileReference; lastKnownFileType = sourcecode.swift; path = CalendarView.swift; sourceTree = "<group>"; };
		A54DD0FD4F6381559144778E /* Info.plist */ = {isa = PBXFileReference; lastKnownFileType = text.plist; path = Info.plist; sourceTree = "<group>"; };
		A73BB12C6608E7ECEC1F7551 /* TodayViewModel.swift */ = {isa = PBXFileReference; lastKnownFileType = sourcecode.swift; path = TodayViewModel.swift; sourceTree = "<group>"; };
		A8B7C5BA58D231380881E19D /* WatchTodayView.swift */ = {isa = PBXFileReference; lastKnownFileType = sourcecode.swift; path = WatchTodayView.swift; sourceTree = "<group>"; };
		A9917772AD38E94637F2B604 /* Date+Extensions.swift */ = {isa = PBXFileReference; lastKnownFileType = sourcecode.swift; path = "Date+Extensions.swift"; sourceTree = "<group>"; };
		AB1234567890ABCD12345678 /* UndoToast.swift */ = {isa = PBXFileReference; lastKnownFileType = sourcecode.swift; path = UndoToast.swift; sourceTree = "<group>"; };
		AC25844FC4F401F437F5D1AB /* Task.swift */ = {isa = PBXFileReference; lastKnownFileType = sourcecode.swift; path = Task.swift; sourceTree = "<group>"; };
		AF365E6846D69EBC09AB0B3F /* TaskClassifier.swift */ = {isa = PBXFileReference; lastKnownFileType = sourcecode.swift; path = TaskClassifier.swift; sourceTree = "<group>"; };
		B3AA59B2029FBDBD23861D6D /* TaskListServiceTests.swift */ = {isa = PBXFileReference; lastKnownFileType = sourcecode.swift; path = TaskListServiceTests.swift; sourceTree = "<group>"; };
		B404768CE7360111E3A8DAD1 /* WatchTask.swift */ = {isa = PBXFileReference; lastKnownFileType = sourcecode.swift; path = WatchTask.swift; sourceTree = "<group>"; };
		B5E0F0B81ECE154DEF86494D /* CreateTaskIntent.swift */ = {isa = PBXFileReference; lastKnownFileType = sourcecode.swift; path = CreateTaskIntent.swift; sourceTree = "<group>"; };
		B87A52885851C4A33E610EA1 /* PersistenceController.swift */ = {isa = PBXFileReference; lastKnownFileType = sourcecode.swift; path = PersistenceController.swift; sourceTree = "<group>"; };
		BB4ACAE60F81D28181F945A8 /* DesignSystem.swift */ = {isa = PBXFileReference; lastKnownFileType = sourcecode.swift; path = DesignSystem.swift; sourceTree = "<group>"; };
		BB9558BD59192D561FDC69D5 /* WatchViewModel.swift */ = {isa = PBXFileReference; lastKnownFileType = sourcecode.swift; path = WatchViewModel.swift; sourceTree = "<group>"; };
		BCBFAE60C3A53CF558A55CEC /* TaskweaveUITestsLaunchTests.swift */ = {isa = PBXFileReference; lastKnownFileType = sourcecode.swift; path = TaskweaveUITestsLaunchTests.swift; sourceTree = "<group>"; };
		BD82E69401005EE869071460 /* ConflictDetectionService.swift */ = {isa = PBXFileReference; lastKnownFileType = sourcecode.swift; path = ConflictDetectionService.swift; sourceTree = "<group>"; };
		C237114E70156B207647FB7A /* TaskCategoryClassifier.mlmodel */ = {isa = PBXFileReference; lastKnownFileType = file.mlmodel; path = TaskCategoryClassifier.mlmodel; sourceTree = "<group>"; };
		C396E5B650767505A8D61161 /* TimeProtectionService.swift */ = {isa = PBXFileReference; lastKnownFileType = sourcecode.swift; path = TimeProtectionService.swift; sourceTree = "<group>"; };
		C8563640FCC21D28E23B733F /* TaskweaveShortcuts.swift */ = {isa = PBXFileReference; lastKnownFileType = sourcecode.swift; path = TaskweaveShortcuts.swift; sourceTree = "<group>"; };
		D8241DFE67166DF38EEE1BC4 /* Assets.xcassets */ = {isa = PBXFileReference; lastKnownFileType = folder.assetcatalog; path = Assets.xcassets; sourceTree = "<group>"; };
		D9103079C5C24AA31146B234 /* TaskweaveUITests.swift */ = {isa = PBXFileReference; lastKnownFileType = sourcecode.swift; path = TaskweaveUITests.swift; sourceTree = "<group>"; };
		DB9710240F152BBE69A5E1FE /* TaskDetailView.swift */ = {isa = PBXFileReference; lastKnownFileType = sourcecode.swift; path = TaskDetailView.swift; sourceTree = "<group>"; };
		DD56E76DEDCDF57C1437F472 /* AppleFoundationModelsProvider.swift */ = {isa = PBXFileReference; lastKnownFileType = sourcecode.swift; path = AppleFoundationModelsProvider.swift; sourceTree = "<group>"; };
		DF04E75EB5CAD7D4362A5FB9 /* AppIcon.svg */ = {isa = PBXFileReference; lastKnownFileType = text; path = AppIcon.svg; sourceTree = "<group>"; };
		DFF507F3486A1339A9DA24BB /* Assets.xcassets */ = {isa = PBXFileReference; lastKnownFileType = folder.assetcatalog; path = Assets.xcassets; sourceTree = "<group>"; };
		E0616AE7F15555286287CBBC /* WidgetDataStore.swift */ = {isa = PBXFileReference; lastKnownFileType = sourcecode.swift; path = WidgetDataStore.swift; sourceTree = "<group>"; };
		E078854739C26414361644F0 /* Color+Extensions.swift */ = {isa = PBXFileReference; lastKnownFileType = sourcecode.swift; path = "Color+Extensions.swift"; sourceTree = "<group>"; };
		E0DBD26B0BA3382145D1B39C /* TaskweaveWidgetBundle.swift */ = {isa = PBXFileReference; lastKnownFileType = sourcecode.swift; path = TaskweaveWidgetBundle.swift; sourceTree = "<group>"; };
		E136EA19D9055E4C6B6DFE8B /* TaskweaveComplication.swift */ = {isa = PBXFileReference; lastKnownFileType = sourcecode.swift; path = TaskweaveComplication.swift; sourceTree = "<group>"; };
		E1F8C0BED069AC92C4166B74 /* CalendarService.swift */ = {isa = PBXFileReference; lastKnownFileType = sourcecode.swift; path = CalendarService.swift; sourceTree = "<group>"; };
		E57041C3F33C34964EDD2FE1 /* NotificationService.swift */ = {isa = PBXFileReference; lastKnownFileType = sourcecode.swift; path = NotificationService.swift; sourceTree = "<group>"; };
		E792CF309818E6413FAEA8E0 /* ListDetailView.swift */ = {isa = PBXFileReference; lastKnownFileType = sourcecode.swift; path = ListDetailView.swift; sourceTree = "<group>"; };
		EC899FB65BE98D4AFC6F7EA9 /* TodayView.swift */ = {isa = PBXFileReference; lastKnownFileType = sourcecode.swift; path = TodayView.swift; sourceTree = "<group>"; };
		F59512F03BDF02557FDC8BF2 /* WatchConnectivityService.swift */ = {isa = PBXFileReference; lastKnownFileType = sourcecode.swift; path = WatchConnectivityService.swift; sourceTree = "<group>"; };
		F702C9B1F11E722B45F0A0ED /* TaskweaveWidget.swift */ = {isa = PBXFileReference; lastKnownFileType = sourcecode.swift; path = TaskweaveWidget.swift; sourceTree = "<group>"; };
		F970C9D8C8571D12DA3516C4 /* ListsViewModel.swift */ = {isa = PBXFileReference; lastKnownFileType = sourcecode.swift; path = ListsViewModel.swift; sourceTree = "<group>"; };
		FBCA0FA9E06FCD309828CC12 /* WatchEmptyStateView.swift */ = {isa = PBXFileReference; lastKnownFileType = sourcecode.swift; path = WatchEmptyStateView.swift; sourceTree = "<group>"; };
		FE1234567890ABCD12345679 /* RootView.swift */ = {isa = PBXFileReference; lastKnownFileType = sourcecode.swift; path = RootView.swift; sourceTree = "<group>"; };
/* End PBXFileReference section */

/* Begin PBXGroup section */
		0269808CDE5D4A73A4FF30E1 /* Resources */ = {
			isa = PBXGroup;
			children = (
				DF04E75EB5CAD7D4362A5FB9 /* AppIcon.svg */,
				DFF507F3486A1339A9DA24BB /* Assets.xcassets */,
				34CA3B90258620A30A65137C /* Info.plist */,
				LAUNCH5CR33N0987654321FE /* LaunchScreen.storyboard */,
				C237114E70156B207647FB7A /* TaskCategoryClassifier.mlmodel */,
			);
			name = Resources;
			path = Taskweave/Resources;
			sourceTree = "<group>";
		};
		2AE4EA7CFCB300DE9D970CFE /* Products */ = {
			isa = PBXGroup;
			children = (
				529BF321423098D7DEFC2084 /* Taskweave.app */,
				23400D37C607510F9DAEEDC4 /* TaskweaveTests.xctest */,
				3DDF687B5FBB23484677AA82 /* TaskweaveUITests.xctest */,
				4E6AF34E7827B47CE9BDBF11 /* TaskweaveWatch.app */,
				3CC4AFEA4B078F9195E4A942 /* TaskweaveWidget.appex */,
			);
			name = Products;
			sourceTree = "<group>";
		};
		2C2162A5E9927D19D22E1383 /* Views */ = {
			isa = PBXGroup;
			children = (
				1891A84D9E045428A4273FFC /* LargeWidgetView.swift */,
				933C68B59BB9C0401A37ECE7 /* MediumWidgetView.swift */,
				176E8E3715D3A8EF9AB6A53B /* SmallWidgetView.swift */,
			);
			path = Views;
			sourceTree = "<group>";
		};
		337EF6CF5A245AAA8324AAD1 /* Intents */ = {
			isa = PBXGroup;
			children = (
				886E26B6682BA316F156F760 /* CompleteTaskIntent.swift */,
				B5E0F0B81ECE154DEF86494D /* CreateTaskIntent.swift */,
				05C35AAFBAEA1A619E86C172 /* GetTodayTasksIntent.swift */,
				38234ECA51C9248362A9DBD5 /* TaskPriorityAppEnum.swift */,
				C8563640FCC21D28E23B733F /* TaskweaveShortcuts.swift */,
			);
			path = Intents;
			sourceTree = "<group>";
		};
		3F394B53321A2995A3DEDB86 /* Models */ = {
			isa = PBXGroup;
			children = (
				B404768CE7360111E3A8DAD1 /* WatchTask.swift */,
			);
			path = Models;
			sourceTree = "<group>";
		};
		4EA07746E7027AA24F792912 /* Views */ = {
			isa = PBXGroup;
			children = (
				FBCA0FA9E06FCD309828CC12 /* WatchEmptyStateView.swift */,
				610716F5747ACA467708EC22 /* WatchTaskRowView.swift */,
				A8B7C5BA58D231380881E19D /* WatchTodayView.swift */,
			);
			path = Views;
			sourceTree = "<group>";
		};
		4EA1DEFE7A82161ED34DAF28 /* Services */ = {
			isa = PBXGroup;
			children = (
				F59512F03BDF02557FDC8BF2 /* WatchConnectivityService.swift */,
				5CEE475B57C13A2AF50B0DA5 /* WatchDataStore.swift */,
			);
			path = Services;
			sourceTree = "<group>";
		};
		5D6F5A6A140C27146CFCB9E8 /* Sources */ = {
			isa = PBXGroup;
			children = (
				F81586333B67FDE5837CF4AA /* App */,
				AEA2A0804FE3D201ED6DACC6 /* Extensions */,
				337EF6CF5A245AAA8324AAD1 /* Intents */,
				ABDC651898570970922681AF /* Models */,
				8604713CAC63D73FD221A9D8 /* Services */,
				F4C5513759E0CB3191E0A5D2 /* Utilities */,
				B8B7A531D0F370F87C620301 /* ViewModels */,
				6A615E0B2BEA852687714635 /* Views */,
			);
			name = Sources;
			path = Taskweave/Sources;
			sourceTree = "<group>";
		};
		6A615E0B2BEA852687714635 /* Views */ = {
			isa = PBXGroup;
			children = (
				4EAE0A926B43FBBB6875469A /* AddTaskView.swift */,
				A4F20B71BD6D87148748D0BC /* CalendarView.swift */,
				E792CF309818E6413FAEA8E0 /* ListDetailView.swift */,
				A02B96740C9B26528CA1981D /* ListsView.swift */,
				3295E36A41D180A3D0E9DA4B /* SearchView.swift */,
				45B38F1755E8984C7F33C03E /* SettingsView.swift */,
				FE1234567890ABCD12345679 /* RootView.swift */,
				DB9710240F152BBE69A5E1FE /* TaskDetailView.swift */,
				A380CC7D24FE9C1F03B7C6FA /* TaskRowView.swift */,
				EC899FB65BE98D4AFC6F7EA9 /* TodayView.swift */,
				AB1234567890ABCD12345678 /* UndoToast.swift */,
				5D2FFC8FCB06E0987C30E3ED /* UpcomingView.swift */,
			);
			path = Views;
			sourceTree = "<group>";
		};
		747E4D034604D44F5DF09693 /* LiveActivity */ = {
			isa = PBXGroup;
			children = (
				4D94F979184A916BF8FABE8A /* DynamicIslandView.swift */,
				8D220B8C2FCF2116BF371FDE /* LockScreenLiveActivityView.swift */,
				70E279567CED3C73A4B54F0B /* TaskActivityAttributes.swift */,
				1C1E31277C219E97753A26DC /* TaskweaveLiveActivity.swift */,
			);
			name = LiveActivity;
			path = TaskweaveWidget/LiveActivity;
			sourceTree = "<group>";
		};
		778A285EE294158A3DF25D71 /* App */ = {
			isa = PBXGroup;
			children = (
				9DFD87ADA0D0F60ED6D4C782 /* TaskweaveWatchApp.swift */,
			);
			path = App;
			sourceTree = "<group>";
		};
		7C4DF251F1E5EC5174F35FB3 /* Models */ = {
			isa = PBXGroup;
			children = (
				E0616AE7F15555286287CBBC /* WidgetDataStore.swift */,
				41774C0704E88E7D1C4F9CCE /* WidgetTask.swift */,
			);
			path = Models;
			sourceTree = "<group>";
		};
		8604713CAC63D73FD221A9D8 /* Services */ = {
			isa = PBXGroup;
			children = (
				BDAC333C919BB0B5392A8115 /* LLM */,
				2844BB6F06D15D6E70D51359 /* AIService.swift */,
				E1F8C0BED069AC92C4166B74 /* CalendarService.swift */,
				BD82E69401005EE869071460 /* ConflictDetectionService.swift */,
				78B9EC487F517B2D7F64239C /* LiveActivityManager.swift */,
				E57041C3F33C34964EDD2FE1 /* NotificationService.swift */,
				B87A52885851C4A33E610EA1 /* PersistenceController.swift */,
				1E2053FF8894184A648A6D90 /* PrioritizationService.swift */,
				6C06BF120F9E07E2664F8601 /* ReminderService.swift */,
				60D37A9F9B8D0979DB9480F9 /* SmartRescheduleService.swift */,
				AF365E6846D69EBC09AB0B3F /* TaskClassifier.swift */,
				80CCE91DDC20267FF7BA5518 /* TaskListService.swift */,
				400F34E5FBFB8BBDE31376B0 /* TaskService.swift */,
				C396E5B650767505A8D61161 /* TimeProtectionService.swift */,
				0AA4A6D3B132AEE9CACDBC75 /* WatchConnectivityService.swift */,
				6806D93F0AEDB5FEE2405CB9 /* WidgetDataStore.swift */,
			);
			path = Services;
			sourceTree = "<group>";
		};
		97647769EED4B4FCA92D834E /* Resources */ = {
			isa = PBXGroup;
			children = (
				D8241DFE67166DF38EEE1BC4 /* Assets.xcassets */,
			);
			name = Resources;
			path = TaskweaveWatch/Resources;
			sourceTree = "<group>";
		};
		9B540C2A07A87A1D581799C8 /* Providers */ = {
			isa = PBXGroup;
			children = (
				5E279439FEA61CC60546CA22 /* TaskTimelineProvider.swift */,
			);
			path = Providers;
			sourceTree = "<group>";
		};
		A681ECDB1D2B9AFF63657EC2 /* TaskweaveTests */ = {
			isa = PBXGroup;
			children = (
				B3AA59B2029FBDBD23861D6D /* TaskListServiceTests.swift */,
				7F8B5963BD1E4BB921F05038 /* TaskServiceTests.swift */,
				41978EF1A1262F6D707F04E1 /* TaskweaveTests.swift */,
			);
			path = TaskweaveTests;
			sourceTree = "<group>";
		};
		ABDC651898570970922681AF /* Models */ = {
			isa = PBXGroup;
			children = (
				58C2746788E2B53379FE262D /* Priority.swift */,
				04B726BC641EFB8CC98BF496 /* RecurringRule.swift */,
				99C84C134D070FB1E0ADD562 /* RecurringRuleEntity+Extensions.swift */,
				AC25844FC4F401F437F5D1AB /* Task.swift */,
				49304028FE0BC4615E8D621E /* TaskCategory.swift */,
				381E516AB87DA19BA0484D3F /* TaskList.swift */,
				F31E329F04A8440D6C68CF78 /* Taskweave.xcdatamodeld */,
			);
			path = Models;
			sourceTree = "<group>";
		};
		AEA2A0804FE3D201ED6DACC6 /* Extensions */ = {
			isa = PBXGroup;
			children = (
				E078854739C26414361644F0 /* Color+Extensions.swift */,
				A9917772AD38E94637F2B604 /* Date+Extensions.swift */,
				4ECD280716254E849E7546A7 /* Notification+Extensions.swift */,
			);
			path = Extensions;
			sourceTree = "<group>";
		};
		B8B7A531D0F370F87C620301 /* ViewModels */ = {
			isa = PBXGroup;
			children = (
				536294DECB2738D812829539 /* CalendarViewModel.swift */,
				F970C9D8C8571D12DA3516C4 /* ListsViewModel.swift */,
				4607DBE0549C49D4E5530FBB /* TaskViewModel.swift */,
				A73BB12C6608E7ECEC1F7551 /* TodayViewModel.swift */,
			);
			path = ViewModels;
			sourceTree = "<group>";
		};
		BDAC333C919BB0B5392A8115 /* LLM */ = {
			isa = PBXGroup;
			children = (
				111D5DE575F93D52FB5B4D3C /* AnthropicProvider.swift */,
				DD56E76DEDCDF57C1437F472 /* AppleFoundationModelsProvider.swift */,
				2DD1B572885D246BDE74CA85 /* LLMProvider.swift */,
				8E5B200089E3712236DBA790 /* LLMService.swift */,
				9FD09137F6ECDAB062D295B3 /* OpenAIProvider.swift */,
			);
			path = LLM;
			sourceTree = "<group>";
		};
		C24D2F823AFE94B2AAEE796A /* Sources */ = {
			isa = PBXGroup;
			children = (
				778A285EE294158A3DF25D71 /* App */,
				D59DF6F21A1F0636F8EA7719 /* Complications */,
				3F394B53321A2995A3DEDB86 /* Models */,
				4EA1DEFE7A82161ED34DAF28 /* Services */,
				E80B2B48D6D6F62ABC0A4A89 /* ViewModels */,
				4EA07746E7027AA24F792912 /* Views */,
			);
			name = Sources;
			path = TaskweaveWatch/Sources;
			sourceTree = "<group>";
		};
		C697CA402726EF77BFB0317F /* TaskweaveUITests */ = {
			isa = PBXGroup;
			children = (
				D9103079C5C24AA31146B234 /* TaskweaveUITests.swift */,
				BCBFAE60C3A53CF558A55CEC /* TaskweaveUITestsLaunchTests.swift */,
			);
			path = TaskweaveUITests;
			sourceTree = "<group>";
		};
		CB94710318669BCA70743574 = {
			isa = PBXGroup;
			children = (
				747E4D034604D44F5DF09693 /* LiveActivity */,
				0269808CDE5D4A73A4FF30E1 /* Resources */,
				97647769EED4B4FCA92D834E /* Resources */,
				5D6F5A6A140C27146CFCB9E8 /* Sources */,
				C24D2F823AFE94B2AAEE796A /* Sources */,
				A681ECDB1D2B9AFF63657EC2 /* TaskweaveTests */,
				C697CA402726EF77BFB0317F /* TaskweaveUITests */,
				FB99FACCEE57F0EB11E0C1CA /* TaskweaveWidget */,
				2AE4EA7CFCB300DE9D970CFE /* Products */,
			);
			sourceTree = "<group>";
		};
		D59DF6F21A1F0636F8EA7719 /* Complications */ = {
			isa = PBXGroup;
			children = (
				E136EA19D9055E4C6B6DFE8B /* TaskweaveComplication.swift */,
			);
			path = Complications;
			sourceTree = "<group>";
		};
		E80B2B48D6D6F62ABC0A4A89 /* ViewModels */ = {
			isa = PBXGroup;
			children = (
				BB9558BD59192D561FDC69D5 /* WatchViewModel.swift */,
			);
			path = ViewModels;
			sourceTree = "<group>";
		};
		F4C5513759E0CB3191E0A5D2 /* Utilities */ = {
			isa = PBXGroup;
			children = (
				BB4ACAE60F81D28181F945A8 /* DesignSystem.swift */,
			);
			path = Utilities;
			sourceTree = "<group>";
		};
		F81586333B67FDE5837CF4AA /* App */ = {
			isa = PBXGroup;
			children = (
				751D60DB44ED6F070A0B42EA /* ContentView.swift */,
				8D81E1C53F0C40995D472B53 /* TaskweaveApp.swift */,
			);
			path = App;
			sourceTree = "<group>";
		};
		FB99FACCEE57F0EB11E0C1CA /* TaskweaveWidget */ = {
			isa = PBXGroup;
			children = (
				7C4DF251F1E5EC5174F35FB3 /* Models */,
				9B540C2A07A87A1D581799C8 /* Providers */,
				2C2162A5E9927D19D22E1383 /* Views */,
				A01A53E9689120342C775640 /* Assets.xcassets */,
				A54DD0FD4F6381559144778E /* Info.plist */,
				0FA9DF30121BA6F4F887F77D /* TaskweaveWidget.entitlements */,
				F702C9B1F11E722B45F0A0ED /* TaskweaveWidget.swift */,
				E0DBD26B0BA3382145D1B39C /* TaskweaveWidgetBundle.swift */,
			);
			path = TaskweaveWidget;
			sourceTree = "<group>";
		};
/* End PBXGroup section */

/* Begin PBXNativeTarget section */
		39354085B490A86832143B1F /* TaskweaveTests */ = {
			isa = PBXNativeTarget;
			buildConfigurationList = 95CF7EF43E62802ADCDD89D0 /* Build configuration list for PBXNativeTarget "TaskweaveTests" */;
			buildPhases = (
				86697466FBC3B58042C2869C /* Sources */,
			);
			buildRules = (
			);
			dependencies = (
				56FB974623B4A254A5E12F1D /* PBXTargetDependency */,
			);
			name = TaskweaveTests;
			packageProductDependencies = (
			);
			productName = TaskweaveTests;
			productReference = 23400D37C607510F9DAEEDC4 /* TaskweaveTests.xctest */;
			productType = "com.apple.product-type.bundle.unit-test";
		};
		9F16E7CB0758FA2A1D79E8CF /* Taskweave */ = {
			isa = PBXNativeTarget;
			buildConfigurationList = 62D41724E554C612C9E8911D /* Build configuration list for PBXNativeTarget "Taskweave" */;
			buildPhases = (
				24369A84E0528322D012C162 /* Sources */,
				D8C2BA05F73FEA725A01A0C4 /* Resources */,
				B21D197165938CB9904C4E11 /* Embed Foundation Extensions */,
				86373761B21DA6E93E96E6A0 /* Embed Watch Content */,
			);
			buildRules = (
			);
			dependencies = (
				2ADBA4B1363DD200B5869986 /* PBXTargetDependency */,
				8CE85DA6D8F3FC317E0A9763 /* PBXTargetDependency */,
			);
			name = Taskweave;
			packageProductDependencies = (
			);
			productName = Taskweave;
			productReference = 529BF321423098D7DEFC2084 /* Taskweave.app */;
			productType = "com.apple.product-type.application";
		};
		B8C47195269FCBBA629C5F7F /* TaskweaveWidget */ = {
			isa = PBXNativeTarget;
			buildConfigurationList = 94129F4296D4D99B6E2DB7D8 /* Build configuration list for PBXNativeTarget "TaskweaveWidget" */;
			buildPhases = (
				B15EFC402A967D4DCC80B73C /* Sources */,
				49C901EA29124F9B3A4B0961 /* Resources */,
			);
			buildRules = (
			);
			dependencies = (
			);
			name = TaskweaveWidget;
			packageProductDependencies = (
			);
			productName = TaskweaveWidget;
			productReference = 3CC4AFEA4B078F9195E4A942 /* TaskweaveWidget.appex */;
			productType = "com.apple.product-type.app-extension";
		};
		BBF599EBCBC7B022EEB7AC49 /* TaskweaveUITests */ = {
			isa = PBXNativeTarget;
			buildConfigurationList = 912242321DA65DAB08C4FB00 /* Build configuration list for PBXNativeTarget "TaskweaveUITests" */;
			buildPhases = (
				1DCB93C8B4A5B6BF2D12640A /* Sources */,
			);
			buildRules = (
			);
			dependencies = (
				46BEE35AB2C8A26959C844F1 /* PBXTargetDependency */,
			);
			name = TaskweaveUITests;
			packageProductDependencies = (
			);
			productName = TaskweaveUITests;
			productReference = 3DDF687B5FBB23484677AA82 /* TaskweaveUITests.xctest */;
			productType = "com.apple.product-type.bundle.ui-testing";
		};
		EC4DB9080FE0B3F45B1EDDF5 /* TaskweaveWatch */ = {
			isa = PBXNativeTarget;
			buildConfigurationList = 9E3E4F1D290D3517C6DC8D7B /* Build configuration list for PBXNativeTarget "TaskweaveWatch" */;
			buildPhases = (
				9A9F9DFC6D61E9619370682A /* Sources */,
				857341F29303C02A6F9A0333 /* Resources */,
			);
			buildRules = (
			);
			dependencies = (
			);
			name = TaskweaveWatch;
			packageProductDependencies = (
			);
			productName = TaskweaveWatch;
			productReference = 4E6AF34E7827B47CE9BDBF11 /* TaskweaveWatch.app */;
			productType = "com.apple.product-type.application";
		};
/* End PBXNativeTarget section */

/* Begin PBXProject section */
		2DBBC0DFDE6181C0C2558714 /* Project object */ = {
			isa = PBXProject;
			attributes = {
				BuildIndependentTargetsInParallel = YES;
				LastUpgradeCheck = 2620;
				TargetAttributes = {
					9F16E7CB0758FA2A1D79E8CF = {
						ProvisioningStyle = Automatic;
					};
					B8C47195269FCBBA629C5F7F = {
						ProvisioningStyle = Automatic;
					};
					BBF599EBCBC7B022EEB7AC49 = {
						TestTargetID = 9F16E7CB0758FA2A1D79E8CF;
					};
					EC4DB9080FE0B3F45B1EDDF5 = {
						ProvisioningStyle = Automatic;
					};
				};
			};
			buildConfigurationList = 11C9169FF15DFAC6D5C90213 /* Build configuration list for PBXProject "Taskweave" */;
			compatibilityVersion = "Xcode 14.0";
			developmentRegion = en;
			hasScannedForEncodings = 0;
			knownRegions = (
				Base,
				en,
			);
			mainGroup = CB94710318669BCA70743574;
			minimizedProjectReferenceProxies = 1;
			projectDirPath = "";
			projectRoot = "";
			targets = (
				9F16E7CB0758FA2A1D79E8CF /* Taskweave */,
				39354085B490A86832143B1F /* TaskweaveTests */,
				BBF599EBCBC7B022EEB7AC49 /* TaskweaveUITests */,
				EC4DB9080FE0B3F45B1EDDF5 /* TaskweaveWatch */,
				B8C47195269FCBBA629C5F7F /* TaskweaveWidget */,
			);
		};
/* End PBXProject section */

/* Begin PBXResourcesBuildPhase section */
		49C901EA29124F9B3A4B0961 /* Resources */ = {
			isa = PBXResourcesBuildPhase;
			buildActionMask = 2147483647;
			files = (
				A3DE02FF30C210C5D5A48600 /* Assets.xcassets in Resources */,
			);
			runOnlyForDeploymentPostprocessing = 0;
		};
		857341F29303C02A6F9A0333 /* Resources */ = {
			isa = PBXResourcesBuildPhase;
			buildActionMask = 2147483647;
			files = (
				27573AED11FD63A1323D5884 /* Assets.xcassets in Resources */,
			);
			runOnlyForDeploymentPostprocessing = 0;
		};
		D8C2BA05F73FEA725A01A0C4 /* Resources */ = {
			isa = PBXResourcesBuildPhase;
			buildActionMask = 2147483647;
			files = (
				3D64614D1E42590A54B73891 /* AppIcon.svg in Resources */,
				00338C55BB61C4971A8AEB47 /* Assets.xcassets in Resources */,
				LAUNCH5CR33N1234567890AB /* LaunchScreen.storyboard in Resources */,
			);
			runOnlyForDeploymentPostprocessing = 0;
		};
/* End PBXResourcesBuildPhase section */

/* Begin PBXSourcesBuildPhase section */
		1DCB93C8B4A5B6BF2D12640A /* Sources */ = {
			isa = PBXSourcesBuildPhase;
			buildActionMask = 2147483647;
			files = (
				E41A0902DB60DBB0FEE7FEA8 /* TaskweaveUITests.swift in Sources */,
				1BBCC1B9D764FF6CBE60D48D /* TaskweaveUITestsLaunchTests.swift in Sources */,
			);
			runOnlyForDeploymentPostprocessing = 0;
		};
		24369A84E0528322D012C162 /* Sources */ = {
			isa = PBXSourcesBuildPhase;
			buildActionMask = 2147483647;
			files = (
				42235169663AA16F0156870B /* AIService.swift in Sources */,
				21EFAAAAEB1FD4F60511631F /* AddTaskView.swift in Sources */,
				3F3057702097070DC3C3641B /* AnthropicProvider.swift in Sources */,
				28B7A99F8B7F2A3384CA4541 /* AppleFoundationModelsProvider.swift in Sources */,
				585BC74D150604F60D30FF35 /* CalendarService.swift in Sources */,
				AADA8F99E15F1E61DC10F279 /* CalendarView.swift in Sources */,
				70789D64D63F19AB3B55BB1F /* CalendarViewModel.swift in Sources */,
				CECD3189CFB41FFDFC852E57 /* Color+Extensions.swift in Sources */,
				608DB00EAEAA45A51D1A9899 /* CompleteTaskIntent.swift in Sources */,
				407E19F80003AD5F28E97D2B /* ConflictDetectionService.swift in Sources */,
				F96E3F362C44485C5C35A2C8 /* ContentView.swift in Sources */,
				28B504DD93A864BB789BAAA3 /* CreateTaskIntent.swift in Sources */,
				6718A8DF9783D2257A96B7D5 /* Date+Extensions.swift in Sources */,
				85F5AEDB30CBD2E06B5DB537 /* DesignSystem.swift in Sources */,
				59646BF4150BB65AC9E5B70D /* GetTodayTasksIntent.swift in Sources */,
				CBE698BC3A37BDDD0DD3088F /* LLMProvider.swift in Sources */,
				EB7247BEA6FC2776BCF1BB7B /* LLMService.swift in Sources */,
				90162FC99A5EE8D714AEDC87 /* ListDetailView.swift in Sources */,
				6E9BC371190ADB462BBCBB0F /* ListsView.swift in Sources */,
				74CC47E52DF46C7576DC80B3 /* ListsViewModel.swift in Sources */,
				0F20EA0E0E9F7DB4D734C422 /* LiveActivityManager.swift in Sources */,
				FC9544F1BAA698EA4127635A /* Notification+Extensions.swift in Sources */,
				246B9334F27B9E9A32587A71 /* NotificationService.swift in Sources */,
				3E16005FD0ED5DFA801F33EF /* OpenAIProvider.swift in Sources */,
				729F4ACD5D5A737DFB214550 /* PersistenceController.swift in Sources */,
				937CDAE894FFA4A20F8F7780 /* PrioritizationService.swift in Sources */,
				C695E251436C3F28E0AA320B /* Priority.swift in Sources */,
				E21AFC543E8639B972D9357A /* RecurringRule.swift in Sources */,
				C86B43D6611AFBA65FCE80AC /* RecurringRuleEntity+Extensions.swift in Sources */,
				86AD337729F87F20004A67C4 /* ReminderService.swift in Sources */,
				F6B66482323556DC1843EEE0 /* SearchView.swift in Sources */,
				BDE54D573C1126CE73B38C94 /* SettingsView.swift in Sources */,
				C75E0FB81A58863307B71812 /* SmartRescheduleService.swift in Sources */,
				B5B8B7C14A28EE7278B3B892 /* Task.swift in Sources */,
				E13A627EF6E890B6FDA41F58 /* TaskActivityAttributes.swift in Sources */,
				B156635B9A3D9E182D6EED4E /* TaskCategory.swift in Sources */,
				F5C4EF964B179EB50E6B6F80 /* TaskCategoryClassifier.mlmodel in Sources */,
				A8922E76024AE4E6C1DFB671 /* TaskClassifier.swift in Sources */,
				A0DAD7AB3B743B735BFAFC6E /* TaskDetailView.swift in Sources */,
				019D03CD2523BE01A65242AA /* TaskList.swift in Sources */,
				E1F3EAC555CB5626E3366C35 /* TaskListService.swift in Sources */,
				3FF858A6CD3E64327CB13258 /* TaskPriorityAppEnum.swift in Sources */,
				9A953BBFFC8C3B0E197D6CCB /* TaskRowView.swift in Sources */,
				9B1234567890ABCD12345678 /* UndoToast.swift in Sources */,
				4CBD5ADFCC5B3A436573E4D9 /* TaskService.swift in Sources */,
				C5DB3C6BC940A2CCDCCBFA1E /* TaskViewModel.swift in Sources */,
				90B000C09F33E69501C3D17F /* Taskweave.xcdatamodeld in Sources */,
				E5002613A65D87C3C8844A27 /* TaskweaveApp.swift in Sources */,
				5EC31BFBD66BCBA4B980D56A /* TaskweaveShortcuts.swift in Sources */,
				0881D500AEF70AFD908BF54D /* TimeProtectionService.swift in Sources */,
				E705219AF6F82E51212A912F /* TodayView.swift in Sources */,
				AC5F99407535185AD22C3B7C /* TodayViewModel.swift in Sources */,
				961B6C465F7CEFD244839D6B /* UpcomingView.swift in Sources */,
				FD1234567890ABCD12345679 /* RootView.swift in Sources */,
				5BFABA8679D40781B6B204C7 /* WatchConnectivityService.swift in Sources */,
				119EEDF8B8C7440BD56D362E /* WidgetDataStore.swift in Sources */,
			);
			runOnlyForDeploymentPostprocessing = 0;
		};
		86697466FBC3B58042C2869C /* Sources */ = {
			isa = PBXSourcesBuildPhase;
			buildActionMask = 2147483647;
			files = (
				3DF99F1AC6FE4F711C089836 /* TaskListServiceTests.swift in Sources */,
				CB6E3F9A0747A0105C4496EA /* TaskServiceTests.swift in Sources */,
				7AE59CEF86F36CB230CDCA88 /* TaskweaveTests.swift in Sources */,
			);
			runOnlyForDeploymentPostprocessing = 0;
		};
		9A9F9DFC6D61E9619370682A /* Sources */ = {
			isa = PBXSourcesBuildPhase;
			buildActionMask = 2147483647;
			files = (
				69569009EE8E7AC5E4C2A193 /* TaskweaveComplication.swift in Sources */,
				6BF2E8B20A24A0ACDC1F214A /* TaskweaveWatchApp.swift in Sources */,
				D491D3C3D036227D068B24C3 /* WatchConnectivityService.swift in Sources */,
				3F9A68F2E2CD8FC30072E82C /* WatchDataStore.swift in Sources */,
				E947E2449FBAA548F1DF7DAD /* WatchEmptyStateView.swift in Sources */,
				CAA3ABC5174A98A4517B1F62 /* WatchTask.swift in Sources */,
				54D04679A2F17B277372F08E /* WatchTaskRowView.swift in Sources */,
				48FCF0DCDF3F742B84201E1E /* WatchTodayView.swift in Sources */,
				B3CCBCED410AAD8B500A2244 /* WatchViewModel.swift in Sources */,
			);
			runOnlyForDeploymentPostprocessing = 0;
		};
		B15EFC402A967D4DCC80B73C /* Sources */ = {
			isa = PBXSourcesBuildPhase;
			buildActionMask = 2147483647;
			files = (
				2A86B5E5BF0309F2B05D774A /* DynamicIslandView.swift in Sources */,
				2682113A63F76876D7828258 /* LargeWidgetView.swift in Sources */,
				B0622065E0A88C2A3900AF2A /* LockScreenLiveActivityView.swift in Sources */,
				A23FB4F5D12F9E6DCC68CFC8 /* MediumWidgetView.swift in Sources */,
				AE03227D174B4860A1F5F951 /* SmallWidgetView.swift in Sources */,
				58362EACCABA04812FB8EB63 /* TaskActivityAttributes.swift in Sources */,
				0A98C5ED20A8FD703EBF08F4 /* TaskTimelineProvider.swift in Sources */,
				E2E3E1317677E8D720B131D3 /* TaskweaveLiveActivity.swift in Sources */,
				029D534B65BCE6EB743CEDBE /* TaskweaveWidget.swift in Sources */,
				C6E58B05FEAB135E688655F1 /* TaskweaveWidgetBundle.swift in Sources */,
				BBC9737B8A8CBA29687AD32B /* WidgetDataStore.swift in Sources */,
				5EFF8A7D247034BE27AA6569 /* WidgetTask.swift in Sources */,
			);
			runOnlyForDeploymentPostprocessing = 0;
		};
/* End PBXSourcesBuildPhase section */

/* Begin PBXTargetDependency section */
		2ADBA4B1363DD200B5869986 /* PBXTargetDependency */ = {
			isa = PBXTargetDependency;
			target = B8C47195269FCBBA629C5F7F /* TaskweaveWidget */;
			targetProxy = 10523025281F5575F4326217 /* PBXContainerItemProxy */;
		};
		46BEE35AB2C8A26959C844F1 /* PBXTargetDependency */ = {
			isa = PBXTargetDependency;
			target = 9F16E7CB0758FA2A1D79E8CF /* Taskweave */;
			targetProxy = CE7C3C6375E955CD0381F46F /* PBXContainerItemProxy */;
		};
		56FB974623B4A254A5E12F1D /* PBXTargetDependency */ = {
			isa = PBXTargetDependency;
			target = 9F16E7CB0758FA2A1D79E8CF /* Taskweave */;
			targetProxy = F8279888F61EA709C9D81E25 /* PBXContainerItemProxy */;
		};
		8CE85DA6D8F3FC317E0A9763 /* PBXTargetDependency */ = {
			isa = PBXTargetDependency;
			target = EC4DB9080FE0B3F45B1EDDF5 /* TaskweaveWatch */;
			targetProxy = B6D6C0EEA0D8BA4BBB9E28A1 /* PBXContainerItemProxy */;
		};
/* End PBXTargetDependency section */

/* Begin XCBuildConfiguration section */
		28822DC0BFE311EDDF60354F /* Debug */ = {
			isa = XCBuildConfiguration;
			buildSettings = {
				BUNDLE_LOADER = "$(TEST_HOST)";
				DEVELOPMENT_TEAM = "";
				LD_RUNPATH_SEARCH_PATHS = (
					"$(inherited)",
					"@executable_path/Frameworks",
					"@loader_path/Frameworks",
				);
				PRODUCT_BUNDLE_IDENTIFIER = com.taskweave.app.uitests;
				SDKROOT = iphoneos;
				TARGETED_DEVICE_FAMILY = "1,2";
				TEST_TARGET_NAME = Taskweave;
			};
			name = Debug;
		};
		4B92FBAE9EA3DCBB1ACB391D /* Debug */ = {
			isa = XCBuildConfiguration;
			buildSettings = {
				ASSETCATALOG_COMPILER_WIDGET_BACKGROUND_COLOR_NAME = WidgetBackground;
				CODE_SIGN_ENTITLEMENTS = TaskweaveWidget/TaskweaveWidget.entitlements;
				CODE_SIGN_STYLE = Automatic;
				DEVELOPMENT_TEAM = "";
				INFOPLIST_FILE = TaskweaveWidget/Info.plist;
				LD_RUNPATH_SEARCH_PATHS = (
					"$(inherited)",
					"@executable_path/Frameworks",
					"@executable_path/../../Frameworks",
				);
				PRODUCT_BUNDLE_IDENTIFIER = com.taskweave.app.widget;
				SDKROOT = iphoneos;
				SKIP_INSTALL = YES;
				TARGETED_DEVICE_FAMILY = "1,2";
			};
			name = Debug;
		};
		63813C6EB319AA5F534DF48F /* Release */ = {
			isa = XCBuildConfiguration;
			buildSettings = {
				BUNDLE_LOADER = "$(TEST_HOST)";
				LD_RUNPATH_SEARCH_PATHS = (
					"$(inherited)",
					"@executable_path/Frameworks",
					"@loader_path/Frameworks",
				);
				PRODUCT_BUNDLE_IDENTIFIER = com.taskweave.app.tests;
				SDKROOT = iphoneos;
				TARGETED_DEVICE_FAMILY = "1,2";
				TEST_HOST = "$(BUILT_PRODUCTS_DIR)/Taskweave.app/$(BUNDLE_EXECUTABLE_FOLDER_PATH)/Taskweave";
			};
			name = Release;
		};
		665C3A8DC4DC98CEB7479B74 /* Release */ = {
			isa = XCBuildConfiguration;
			buildSettings = {
				ASSETCATALOG_COMPILER_WIDGET_BACKGROUND_COLOR_NAME = WidgetBackground;
				CODE_SIGN_ENTITLEMENTS = TaskweaveWidget/TaskweaveWidget.entitlements;
				CODE_SIGN_STYLE = Automatic;
				DEVELOPMENT_TEAM = "";
				INFOPLIST_FILE = TaskweaveWidget/Info.plist;
				LD_RUNPATH_SEARCH_PATHS = (
					"$(inherited)",
					"@executable_path/Frameworks",
					"@executable_path/../../Frameworks",
				);
				PRODUCT_BUNDLE_IDENTIFIER = com.taskweave.app.widget;
				SDKROOT = iphoneos;
				SKIP_INSTALL = YES;
				TARGETED_DEVICE_FAMILY = "1,2";
			};
			name = Release;
		};
		81CCD0211464285BDCAAF409 /* Release */ = {
			isa = XCBuildConfiguration;
			buildSettings = {
				ASSETCATALOG_COMPILER_APPICON_NAME = AppIcon;
				ASSETCATALOG_COMPILER_GLOBAL_ACCENT_COLOR_NAME = AccentColor;
				CODE_SIGN_ENTITLEMENTS = Taskweave/Taskweave.entitlements;
				CODE_SIGN_IDENTITY = "iPhone Developer";
				CODE_SIGN_STYLE = Automatic;
				DEVELOPMENT_TEAM = "";
				ENABLE_PREVIEWS = YES;
				INFOPLIST_FILE = Taskweave/Resources/Info.plist;
				INFOPLIST_KEY_CFBundleDisplayName = Taskweave;
				INFOPLIST_KEY_LSApplicationCategoryType = "public.app-category.productivity";
				INFOPLIST_KEY_NSSiriUsageDescription = "Taskweave uses Siri to create tasks and check your agenda";
				INFOPLIST_KEY_UIApplicationSceneManifest_Generation = YES;
				INFOPLIST_KEY_UIApplicationSupportsIndirectInputEvents = YES;
				INFOPLIST_KEY_UILaunchScreen_Generation = YES;
				INFOPLIST_KEY_UISupportedInterfaceOrientations_iPad = "UIInterfaceOrientationPortrait UIInterfaceOrientationPortraitUpsideDown UIInterfaceOrientationLandscapeLeft UIInterfaceOrientationLandscapeRight";
				INFOPLIST_KEY_UISupportedInterfaceOrientations_iPhone = "UIInterfaceOrientationPortrait UIInterfaceOrientationLandscapeLeft UIInterfaceOrientationLandscapeRight";
				LD_RUNPATH_SEARCH_PATHS = (
					"$(inherited)",
					"@executable_path/Frameworks",
				);
				PRODUCT_BUNDLE_IDENTIFIER = com.taskweave.app;
				SDKROOT = iphoneos;
				TARGETED_DEVICE_FAMILY = "1,2";
			};
			name = Release;
		};
		BBBAC365A4B7C984BF8D403F /* Release */ = {
			isa = XCBuildConfiguration;
			buildSettings = {
				ASSETCATALOG_COMPILER_APPICON_NAME = AppIcon;
				ASSETCATALOG_COMPILER_GLOBAL_ACCENT_COLOR_NAME = AccentColor;
				CODE_SIGN_ENTITLEMENTS = TaskweaveWatch/TaskweaveWatch.entitlements;
				CODE_SIGN_STYLE = Automatic;
				DEVELOPMENT_TEAM = "";
				ENABLE_PREVIEWS = YES;
				INFOPLIST_FILE = TaskweaveWatch/Info.plist;
				INFOPLIST_KEY_WKCompanionAppBundleIdentifier = com.taskweave.app;
				LD_RUNPATH_SEARCH_PATHS = (
					"$(inherited)",
					"@executable_path/Frameworks",
				);
				PRODUCT_BUNDLE_IDENTIFIER = com.taskweave.app.watch;
				SDKROOT = watchos;
				SKIP_INSTALL = YES;
				TARGETED_DEVICE_FAMILY = 4;
			};
			name = Release;
		};
		C24470F8F4B76A90E4FFB159 /* Debug */ = {
			isa = XCBuildConfiguration;
			buildSettings = {
				BUNDLE_LOADER = "$(TEST_HOST)";
				LD_RUNPATH_SEARCH_PATHS = (
					"$(inherited)",
					"@executable_path/Frameworks",
					"@loader_path/Frameworks",
				);
				PRODUCT_BUNDLE_IDENTIFIER = com.taskweave.app.tests;
				SDKROOT = iphoneos;
				TARGETED_DEVICE_FAMILY = "1,2";
				TEST_HOST = "$(BUILT_PRODUCTS_DIR)/Taskweave.app/$(BUNDLE_EXECUTABLE_FOLDER_PATH)/Taskweave";
			};
			name = Debug;
		};
		C4DDD7107B8B73DB2B1E95CF /* Release */ = {
			isa = XCBuildConfiguration;
			buildSettings = {
				BUNDLE_LOADER = "$(TEST_HOST)";
				DEVELOPMENT_TEAM = "";
				LD_RUNPATH_SEARCH_PATHS = (
					"$(inherited)",
					"@executable_path/Frameworks",
					"@loader_path/Frameworks",
				);
				PRODUCT_BUNDLE_IDENTIFIER = com.taskweave.app.uitests;
				SDKROOT = iphoneos;
				TARGETED_DEVICE_FAMILY = "1,2";
				TEST_TARGET_NAME = Taskweave;
			};
			name = Release;
		};
		CDBFB9548BA8EA89C6B43727 /* Debug */ = {
			isa = XCBuildConfiguration;
			buildSettings = {
				ASSETCATALOG_COMPILER_APPICON_NAME = AppIcon;
				ASSETCATALOG_COMPILER_GLOBAL_ACCENT_COLOR_NAME = AccentColor;
				CODE_SIGN_ENTITLEMENTS = Taskweave/Taskweave.entitlements;
				CODE_SIGN_IDENTITY = "iPhone Developer";
				CODE_SIGN_STYLE = Automatic;
				DEVELOPMENT_TEAM = "";
				ENABLE_PREVIEWS = YES;
				INFOPLIST_FILE = Taskweave/Resources/Info.plist;
				INFOPLIST_KEY_CFBundleDisplayName = Taskweave;
				INFOPLIST_KEY_LSApplicationCategoryType = "public.app-category.productivity";
				INFOPLIST_KEY_NSSiriUsageDescription = "Taskweave uses Siri to create tasks and check your agenda";
				INFOPLIST_KEY_UIApplicationSceneManifest_Generation = YES;
				INFOPLIST_KEY_UIApplicationSupportsIndirectInputEvents = YES;
				INFOPLIST_KEY_UILaunchScreen_Generation = YES;
				INFOPLIST_KEY_UISupportedInterfaceOrientations_iPad = "UIInterfaceOrientationPortrait UIInterfaceOrientationPortraitUpsideDown UIInterfaceOrientationLandscapeLeft UIInterfaceOrientationLandscapeRight";
				INFOPLIST_KEY_UISupportedInterfaceOrientations_iPhone = "UIInterfaceOrientationPortrait UIInterfaceOrientationLandscapeLeft UIInterfaceOrientationLandscapeRight";
				LD_RUNPATH_SEARCH_PATHS = (
					"$(inherited)",
					"@executable_path/Frameworks",
				);
				PRODUCT_BUNDLE_IDENTIFIER = com.taskweave.app;
				SDKROOT = iphoneos;
				TARGETED_DEVICE_FAMILY = "1,2";
			};
			name = Debug;
		};
		D18A158BFA7568923830D218 /* Release */ = {
			isa = XCBuildConfiguration;
			buildSettings = {
				ALWAYS_SEARCH_USER_PATHS = NO;
				CLANG_ANALYZER_NONNULL = YES;
				CLANG_ANALYZER_NUMBER_OBJECT_CONVERSION = YES_AGGRESSIVE;
				CLANG_CXX_LANGUAGE_STANDARD = "gnu++14";
				CLANG_CXX_LIBRARY = "libc++";
				CLANG_ENABLE_MODULES = YES;
				CLANG_ENABLE_OBJC_ARC = YES;
				CLANG_ENABLE_OBJC_WEAK = YES;
				CLANG_WARN_BLOCK_CAPTURE_AUTORELEASING = YES;
				CLANG_WARN_BOOL_CONVERSION = YES;
				CLANG_WARN_COMMA = YES;
				CLANG_WARN_CONSTANT_CONVERSION = YES;
				CLANG_WARN_DEPRECATED_OBJC_IMPLEMENTATIONS = YES;
				CLANG_WARN_DIRECT_OBJC_ISA_USAGE = YES_ERROR;
				CLANG_WARN_DOCUMENTATION_COMMENTS = YES;
				CLANG_WARN_EMPTY_BODY = YES;
				CLANG_WARN_ENUM_CONVERSION = YES;
				CLANG_WARN_INFINITE_RECURSION = YES;
				CLANG_WARN_INT_CONVERSION = YES;
				CLANG_WARN_NON_LITERAL_NULL_CONVERSION = YES;
				CLANG_WARN_OBJC_IMPLICIT_RETAIN_SELF = YES;
				CLANG_WARN_OBJC_LITERAL_CONVERSION = YES;
				CLANG_WARN_OBJC_ROOT_CLASS = YES_ERROR;
				CLANG_WARN_QUOTED_INCLUDE_IN_FRAMEWORK_HEADER = YES;
				CLANG_WARN_RANGE_LOOP_ANALYSIS = YES;
				CLANG_WARN_STRICT_PROTOTYPES = YES;
				CLANG_WARN_SUSPICIOUS_MOVE = YES;
				CLANG_WARN_UNGUARDED_AVAILABILITY = YES_AGGRESSIVE;
				CLANG_WARN_UNREACHABLE_CODE = YES;
				CLANG_WARN__DUPLICATE_METHOD_MATCH = YES;
				COPY_PHASE_STRIP = NO;
				CURRENT_PROJECT_VERSION = 1;
				DEAD_CODE_STRIPPING = YES;
				DEBUG_INFORMATION_FORMAT = "dwarf-with-dsym";
				ENABLE_NS_ASSERTIONS = NO;
				ENABLE_STRICT_OBJC_MSGSEND = YES;
				ENABLE_USER_SCRIPT_SANDBOXING = YES;
				GCC_C_LANGUAGE_STANDARD = gnu11;
				GCC_NO_COMMON_BLOCKS = YES;
				GCC_WARN_64_TO_32_BIT_CONVERSION = YES;
				GCC_WARN_ABOUT_RETURN_TYPE = YES_ERROR;
				GCC_WARN_UNDECLARED_SELECTOR = YES;
				GCC_WARN_UNINITIALIZED_AUTOS = YES_AGGRESSIVE;
				GCC_WARN_UNUSED_FUNCTION = YES;
				GCC_WARN_UNUSED_VARIABLE = YES;
				GENERATE_INFOPLIST_FILE = YES;
				IPHONEOS_DEPLOYMENT_TARGET = 17.0;
				MARKETING_VERSION = 0.15.0;
				MTL_ENABLE_DEBUG_INFO = NO;
				MTL_FAST_MATH = YES;
				PRODUCT_NAME = "$(TARGET_NAME)";
				STRING_CATALOG_GENERATE_SYMBOLS = YES;
				SWIFT_COMPILATION_MODE = wholemodule;
				SWIFT_OPTIMIZATION_LEVEL = "-O";
				SWIFT_VERSION = 5.0;
				WATCHOS_DEPLOYMENT_TARGET = 10.0;
			};
			name = Release;
		};
		E7DE8748CACD3595745AB8C6 /* Debug */ = {
			isa = XCBuildConfiguration;
			buildSettings = {
				ALWAYS_SEARCH_USER_PATHS = NO;
				CLANG_ANALYZER_NONNULL = YES;
				CLANG_ANALYZER_NUMBER_OBJECT_CONVERSION = YES_AGGRESSIVE;
				CLANG_CXX_LANGUAGE_STANDARD = "gnu++14";
				CLANG_CXX_LIBRARY = "libc++";
				CLANG_ENABLE_MODULES = YES;
				CLANG_ENABLE_OBJC_ARC = YES;
				CLANG_ENABLE_OBJC_WEAK = YES;
				CLANG_WARN_BLOCK_CAPTURE_AUTORELEASING = YES;
				CLANG_WARN_BOOL_CONVERSION = YES;
				CLANG_WARN_COMMA = YES;
				CLANG_WARN_CONSTANT_CONVERSION = YES;
				CLANG_WARN_DEPRECATED_OBJC_IMPLEMENTATIONS = YES;
				CLANG_WARN_DIRECT_OBJC_ISA_USAGE = YES_ERROR;
				CLANG_WARN_DOCUMENTATION_COMMENTS = YES;
				CLANG_WARN_EMPTY_BODY = YES;
				CLANG_WARN_ENUM_CONVERSION = YES;
				CLANG_WARN_INFINITE_RECURSION = YES;
				CLANG_WARN_INT_CONVERSION = YES;
				CLANG_WARN_NON_LITERAL_NULL_CONVERSION = YES;
				CLANG_WARN_OBJC_IMPLICIT_RETAIN_SELF = YES;
				CLANG_WARN_OBJC_LITERAL_CONVERSION = YES;
				CLANG_WARN_OBJC_ROOT_CLASS = YES_ERROR;
				CLANG_WARN_QUOTED_INCLUDE_IN_FRAMEWORK_HEADER = YES;
				CLANG_WARN_RANGE_LOOP_ANALYSIS = YES;
				CLANG_WARN_STRICT_PROTOTYPES = YES;
				CLANG_WARN_SUSPICIOUS_MOVE = YES;
				CLANG_WARN_UNGUARDED_AVAILABILITY = YES_AGGRESSIVE;
				CLANG_WARN_UNREACHABLE_CODE = YES;
				CLANG_WARN__DUPLICATE_METHOD_MATCH = YES;
				COPY_PHASE_STRIP = NO;
				CURRENT_PROJECT_VERSION = 1;
				DEAD_CODE_STRIPPING = YES;
				DEBUG_INFORMATION_FORMAT = dwarf;
				ENABLE_STRICT_OBJC_MSGSEND = YES;
				ENABLE_TESTABILITY = YES;
				ENABLE_USER_SCRIPT_SANDBOXING = YES;
				GCC_C_LANGUAGE_STANDARD = gnu11;
				GCC_DYNAMIC_NO_PIC = NO;
				GCC_NO_COMMON_BLOCKS = YES;
				GCC_OPTIMIZATION_LEVEL = 0;
				GCC_PREPROCESSOR_DEFINITIONS = (
					"$(inherited)",
					"DEBUG=1",
				);
				GCC_WARN_64_TO_32_BIT_CONVERSION = YES;
				GCC_WARN_ABOUT_RETURN_TYPE = YES_ERROR;
				GCC_WARN_UNDECLARED_SELECTOR = YES;
				GCC_WARN_UNINITIALIZED_AUTOS = YES_AGGRESSIVE;
				GCC_WARN_UNUSED_FUNCTION = YES;
				GCC_WARN_UNUSED_VARIABLE = YES;
				GENERATE_INFOPLIST_FILE = YES;
				IPHONEOS_DEPLOYMENT_TARGET = 17.0;
				MARKETING_VERSION = 0.15.0;
				MTL_ENABLE_DEBUG_INFO = INCLUDE_SOURCE;
				MTL_FAST_MATH = YES;
				ONLY_ACTIVE_ARCH = YES;
				PRODUCT_NAME = "$(TARGET_NAME)";
				STRING_CATALOG_GENERATE_SYMBOLS = YES;
				SWIFT_ACTIVE_COMPILATION_CONDITIONS = DEBUG;
				SWIFT_OPTIMIZATION_LEVEL = "-Onone";
				SWIFT_VERSION = 5.0;
				WATCHOS_DEPLOYMENT_TARGET = 10.0;
			};
			name = Debug;
		};
		FBC8FDC7913BEA911A686357 /* Debug */ = {
			isa = XCBuildConfiguration;
			buildSettings = {
				ASSETCATALOG_COMPILER_APPICON_NAME = AppIcon;
				ASSETCATALOG_COMPILER_GLOBAL_ACCENT_COLOR_NAME = AccentColor;
				CODE_SIGN_ENTITLEMENTS = TaskweaveWatch/TaskweaveWatch.entitlements;
				CODE_SIGN_STYLE = Automatic;
				DEVELOPMENT_TEAM = "";
				ENABLE_PREVIEWS = YES;
				INFOPLIST_FILE = TaskweaveWatch/Info.plist;
				INFOPLIST_KEY_WKCompanionAppBundleIdentifier = com.taskweave.app;
				LD_RUNPATH_SEARCH_PATHS = (
					"$(inherited)",
					"@executable_path/Frameworks",
				);
				PRODUCT_BUNDLE_IDENTIFIER = com.taskweave.app.watch;
				SDKROOT = watchos;
				SKIP_INSTALL = YES;
				TARGETED_DEVICE_FAMILY = 4;
			};
			name = Debug;
		};
/* End XCBuildConfiguration section */

/* Begin XCConfigurationList section */
		11C9169FF15DFAC6D5C90213 /* Build configuration list for PBXProject "Taskweave" */ = {
			isa = XCConfigurationList;
			buildConfigurations = (
				E7DE8748CACD3595745AB8C6 /* Debug */,
				D18A158BFA7568923830D218 /* Release */,
			);
			defaultConfigurationIsVisible = 0;
			defaultConfigurationName = Debug;
		};
		62D41724E554C612C9E8911D /* Build configuration list for PBXNativeTarget "Taskweave" */ = {
			isa = XCConfigurationList;
			buildConfigurations = (
				CDBFB9548BA8EA89C6B43727 /* Debug */,
				81CCD0211464285BDCAAF409 /* Release */,
			);
			defaultConfigurationIsVisible = 0;
			defaultConfigurationName = Debug;
		};
		912242321DA65DAB08C4FB00 /* Build configuration list for PBXNativeTarget "TaskweaveUITests" */ = {
			isa = XCConfigurationList;
			buildConfigurations = (
				28822DC0BFE311EDDF60354F /* Debug */,
				C4DDD7107B8B73DB2B1E95CF /* Release */,
			);
			defaultConfigurationIsVisible = 0;
			defaultConfigurationName = Debug;
		};
		94129F4296D4D99B6E2DB7D8 /* Build configuration list for PBXNativeTarget "TaskweaveWidget" */ = {
			isa = XCConfigurationList;
			buildConfigurations = (
				4B92FBAE9EA3DCBB1ACB391D /* Debug */,
				665C3A8DC4DC98CEB7479B74 /* Release */,
			);
			defaultConfigurationIsVisible = 0;
			defaultConfigurationName = Debug;
		};
		95CF7EF43E62802ADCDD89D0 /* Build configuration list for PBXNativeTarget "TaskweaveTests" */ = {
			isa = XCConfigurationList;
			buildConfigurations = (
				C24470F8F4B76A90E4FFB159 /* Debug */,
				63813C6EB319AA5F534DF48F /* Release */,
			);
			defaultConfigurationIsVisible = 0;
			defaultConfigurationName = Debug;
		};
		9E3E4F1D290D3517C6DC8D7B /* Build configuration list for PBXNativeTarget "TaskweaveWatch" */ = {
			isa = XCConfigurationList;
			buildConfigurations = (
				FBC8FDC7913BEA911A686357 /* Debug */,
				BBBAC365A4B7C984BF8D403F /* Release */,
			);
			defaultConfigurationIsVisible = 0;
			defaultConfigurationName = Debug;
		};
/* End XCConfigurationList section */

/* Begin XCVersionGroup section */
		F31E329F04A8440D6C68CF78 /* Taskweave.xcdatamodeld */ = {
			isa = XCVersionGroup;
			children = (
				13798885291D0B6561367D6E /* Taskweave.xcdatamodel */,
			);
			currentVersion = 13798885291D0B6561367D6E /* Taskweave.xcdatamodel */;
			path = Taskweave.xcdatamodeld;
			sourceTree = "<group>";
			versionGroupType = wrapper.xcdatamodel;
		};
/* End XCVersionGroup section */
	};
	rootObject = 2DBBC0DFDE6181C0C2558714 /* Project object */;
}
